
Microsoft Visual Studio Solution File, Format Version 12.00
# Visual Studio 15
VisualStudioVersion = 15.0.26124.0
MinimumVisualStudioVersion = 15.0.26124.0
Project("{2150E333-8FDC-42A3-9474-1A3956D46DE8}") = "Code", "Code", "{9831874E-521A-4F55-8DC1-1079CD6BBB79}"
EndProject
Project("{FAE04EC0-301F-11D3-BF4B-00C04F79EFBC}") = "TestDotnetMongodb.Api", "Code\TestDotnetMongodb.Api\TestDotnetMongodb.Api.csproj", "{DD78020E-91DE-45C8-BD28-9ABDFE87FD8C}"
EndProject
Project("{FAE04EC0-301F-11D3-BF4B-00C04F79EFBC}") = "TestDotnetMongodb.BusinessEntities", "Code\TestDotnetMongodb.BusinessEntities\TestDotnetMongodb.BusinessEntities.csproj", "{3B5D7939-F511-4784-B03A-24623264581E}"
EndProject
Project("{FAE04EC0-301F-11D3-BF4B-00C04F79EFBC}") = "TestDotnetMongodb.BusinessServices", "Code\TestDotnetMongodb.BusinessServices\TestDotnetMongodb.BusinessServices.csproj", "{A9A873F8-24A8-442E-821F-0025994EA324}"
EndProject
Project("{FAE04EC0-301F-11D3-BF4B-00C04F79EFBC}") = "TestDotnetMongodb.Contracts", "Code\TestDotnetMongodb.Contracts\TestDotnetMongodb.Contracts.csproj", "{5AD6BF3D-05D9-4C59-9F64-1B2C78DFF7F6}"
EndProject
Project("{FAE04EC0-301F-11D3-BF4B-00C04F79EFBC}") = "TestDotnetMongodb.Data", "Code\TestDotnetMongodb.Data\TestDotnetMongodb.Data.csproj", "{BD856A3F-4826-4FE1-9514-43D5DBB57AC6}"
EndProject
Project("{FAE04EC0-301F-11D3-BF4B-00C04F79EFBC}") = "TestDotnetMongodb.Test.Api", "Code\TestDotnetMongodb.Test.Api\TestDotnetMongodb.Test.Api.csproj", "{A68D44D4-AFCB-4EB1-8B8A-469B100903C7}"
EndProject
Project("{FAE04EC0-301F-11D3-BF4B-00C04F79EFBC}") = "TestDotnetMongodb.Test.Business", "Code\TestDotnetMongodb.Test.Business\TestDotnetMongodb.Test.Business.csproj", "{D4CE2559-C2FB-4361-80B0-1B172E5C8681}"
EndProject
Project("{FAE04EC0-301F-11D3-BF4B-00C04F79EFBC}") = "TestDotnetMongodb.Test.Framework", "Code\TestDotnetMongodb.Test.Framework\TestDotnetMongodb.Test.Framework.csproj", "{E164FA3A-173E-49E6-B5B0-48E60F837DC9}"
EndProject
Project("{2150E333-8FDC-42A3-9474-1A3956D46DE8}") = "Test", "Test", "{194A709F-1C40-4543-AE25-529D6CE6706E}"
EndProject
Global
	GlobalSection(SolutionConfigurationPlatforms) = preSolution
		Debug|Any CPU = Debug|Any CPU
		Debug|x64 = Debug|x64
		Debug|x86 = Debug|x86
		Release|Any CPU = Release|Any CPU
		Release|x64 = Release|x64
		Release|x86 = Release|x86
	EndGlobalSection
	GlobalSection(SolutionProperties) = preSolution
		HideSolutionNode = FALSE
	EndGlobalSection
	GlobalSection(ProjectConfigurationPlatforms) = postSolution
		{DD78020E-91DE-45C8-BD28-9ABDFE87FD8C}.Debug|Any CPU.ActiveCfg = Debug|Any CPU
		{DD78020E-91DE-45C8-BD28-9ABDFE87FD8C}.Debug|Any CPU.Build.0 = Debug|Any CPU
		{DD78020E-91DE-45C8-BD28-9ABDFE87FD8C}.Debug|x64.ActiveCfg = Debug|Any CPU
		{DD78020E-91DE-45C8-BD28-9ABDFE87FD8C}.Debug|x64.Build.0 = Debug|Any CPU
		{DD78020E-91DE-45C8-BD28-9ABDFE87FD8C}.Debug|x86.ActiveCfg = Debug|Any CPU
		{DD78020E-91DE-45C8-BD28-9ABDFE87FD8C}.Debug|x86.Build.0 = Debug|Any CPU
		{DD78020E-91DE-45C8-BD28-9ABDFE87FD8C}.Release|Any CPU.ActiveCfg = Release|Any CPU
		{DD78020E-91DE-45C8-BD28-9ABDFE87FD8C}.Release|Any CPU.Build.0 = Release|Any CPU
		{DD78020E-91DE-45C8-BD28-9ABDFE87FD8C}.Release|x64.ActiveCfg = Release|Any CPU
		{DD78020E-91DE-45C8-BD28-9ABDFE87FD8C}.Release|x64.Build.0 = Release|Any CPU
		{DD78020E-91DE-45C8-BD28-9ABDFE87FD8C}.Release|x86.ActiveCfg = Release|Any CPU
		{DD78020E-91DE-45C8-BD28-9ABDFE87FD8C}.Release|x86.Build.0 = Release|Any CPU
		{3B5D7939-F511-4784-B03A-24623264581E}.Debug|Any CPU.ActiveCfg = Debug|Any CPU
		{3B5D7939-F511-4784-B03A-24623264581E}.Debug|Any CPU.Build.0 = Debug|Any CPU
		{3B5D7939-F511-4784-B03A-24623264581E}.Debug|x64.ActiveCfg = Debug|Any CPU
		{3B5D7939-F511-4784-B03A-24623264581E}.Debug|x64.Build.0 = Debug|Any CPU
		{3B5D7939-F511-4784-B03A-24623264581E}.Debug|x86.ActiveCfg = Debug|Any CPU
		{3B5D7939-F511-4784-B03A-24623264581E}.Debug|x86.Build.0 = Debug|Any CPU
		{3B5D7939-F511-4784-B03A-24623264581E}.Release|Any CPU.ActiveCfg = Release|Any CPU
		{3B5D7939-F511-4784-B03A-24623264581E}.Release|Any CPU.Build.0 = Release|Any CPU
		{3B5D7939-F511-4784-B03A-24623264581E}.Release|x64.ActiveCfg = Release|Any CPU
		{3B5D7939-F511-4784-B03A-24623264581E}.Release|x64.Build.0 = Release|Any CPU
		{3B5D7939-F511-4784-B03A-24623264581E}.Release|x86.ActiveCfg = Release|Any CPU
		{3B5D7939-F511-4784-B03A-24623264581E}.Release|x86.Build.0 = Release|Any CPU
		{A9A873F8-24A8-442E-821F-0025994EA324}.Debug|Any CPU.ActiveCfg = Debug|Any CPU
		{A9A873F8-24A8-442E-821F-0025994EA324}.Debug|Any CPU.Build.0 = Debug|Any CPU
		{A9A873F8-24A8-442E-821F-0025994EA324}.Debug|x64.ActiveCfg = Debug|Any CPU
		{A9A873F8-24A8-442E-821F-0025994EA324}.Debug|x64.Build.0 = Debug|Any CPU
		{A9A873F8-24A8-442E-821F-0025994EA324}.Debug|x86.ActiveCfg = Debug|Any CPU
		{A9A873F8-24A8-442E-821F-0025994EA324}.Debug|x86.Build.0 = Debug|Any CPU
		{A9A873F8-24A8-442E-821F-0025994EA324}.Release|Any CPU.ActiveCfg = Release|Any CPU
		{A9A873F8-24A8-442E-821F-0025994EA324}.Release|Any CPU.Build.0 = Release|Any CPU
		{A9A873F8-24A8-442E-821F-0025994EA324}.Release|x64.ActiveCfg = Release|Any CPU
		{A9A873F8-24A8-442E-821F-0025994EA324}.Release|x64.Build.0 = Release|Any CPU
		{A9A873F8-24A8-442E-821F-0025994EA324}.Release|x86.ActiveCfg = Release|Any CPU
		{A9A873F8-24A8-442E-821F-0025994EA324}.Release|x86.Build.0 = Release|Any CPU
		{5AD6BF3D-05D9-4C59-9F64-1B2C78DFF7F6}.Debug|Any CPU.ActiveCfg = Debug|Any CPU
		{5AD6BF3D-05D9-4C59-9F64-1B2C78DFF7F6}.Debug|Any CPU.Build.0 = Debug|Any CPU
		{5AD6BF3D-05D9-4C59-9F64-1B2C78DFF7F6}.Debug|x64.ActiveCfg = Debug|Any CPU
		{5AD6BF3D-05D9-4C59-9F64-1B2C78DFF7F6}.Debug|x64.Build.0 = Debug|Any CPU
		{5AD6BF3D-05D9-4C59-9F64-1B2C78DFF7F6}.Debug|x86.ActiveCfg = Debug|Any CPU
		{5AD6BF3D-05D9-4C59-9F64-1B2C78DFF7F6}.Debug|x86.Build.0 = Debug|Any CPU
		{5AD6BF3D-05D9-4C59-9F64-1B2C78DFF7F6}.Release|Any CPU.ActiveCfg = Release|Any CPU
		{5AD6BF3D-05D9-4C59-9F64-1B2C78DFF7F6}.Release|Any CPU.Build.0 = Release|Any CPU
		{5AD6BF3D-05D9-4C59-9F64-1B2C78DFF7F6}.Release|x64.ActiveCfg = Release|Any CPU
		{5AD6BF3D-05D9-4C59-9F64-1B2C78DFF7F6}.Release|x64.Build.0 = Release|Any CPU
		{5AD6BF3D-05D9-4C59-9F64-1B2C78DFF7F6}.Release|x86.ActiveCfg = Release|Any CPU
		{5AD6BF3D-05D9-4C59-9F64-1B2C78DFF7F6}.Release|x86.Build.0 = Release|Any CPU
		{BD856A3F-4826-4FE1-9514-43D5DBB57AC6}.Debug|Any CPU.ActiveCfg = Debug|Any CPU
		{BD856A3F-4826-4FE1-9514-43D5DBB57AC6}.Debug|Any CPU.Build.0 = Debug|Any CPU
		{BD856A3F-4826-4FE1-9514-43D5DBB57AC6}.Debug|x64.ActiveCfg = Debug|Any CPU
		{BD856A3F-4826-4FE1-9514-43D5DBB57AC6}.Debug|x64.Build.0 = Debug|Any CPU
		{BD856A3F-4826-4FE1-9514-43D5DBB57AC6}.Debug|x86.ActiveCfg = Debug|Any CPU
		{BD856A3F-4826-4FE1-9514-43D5DBB57AC6}.Debug|x86.Build.0 = Debug|Any CPU
		{BD856A3F-4826-4FE1-9514-43D5DBB57AC6}.Release|Any CPU.ActiveCfg = Release|Any CPU
		{BD856A3F-4826-4FE1-9514-43D5DBB57AC6}.Release|Any CPU.Build.0 = Release|Any CPU
		{BD856A3F-4826-4FE1-9514-43D5DBB57AC6}.Release|x64.ActiveCfg = Release|Any CPU
		{BD856A3F-4826-4FE1-9514-43D5DBB57AC6}.Release|x64.Build.0 = Release|Any CPU
		{BD856A3F-4826-4FE1-9514-43D5DBB57AC6}.Release|x86.ActiveCfg = Release|Any CPU
		{BD856A3F-4826-4FE1-9514-43D5DBB57AC6}.Release|x86.Build.0 = Release|Any CPU
		{A68D44D4-AFCB-4EB1-8B8A-469B100903C7}.Debug|Any CPU.ActiveCfg = Debug|Any CPU
		{A68D44D4-AFCB-4EB1-8B8A-469B100903C7}.Debug|Any CPU.Build.0 = Debug|Any CPU
		{A68D44D4-AFCB-4EB1-8B8A-469B100903C7}.Debug|x64.ActiveCfg = Debug|Any CPU
		{A68D44D4-AFCB-4EB1-8B8A-469B100903C7}.Debug|x64.Build.0 = Debug|Any CPU
		{A68D44D4-AFCB-4EB1-8B8A-469B100903C7}.Debug|x86.ActiveCfg = Debug|Any CPU
		{A68D44D4-AFCB-4EB1-8B8A-469B100903C7}.Debug|x86.Build.0 = Debug|Any CPU
		{A68D44D4-AFCB-4EB1-8B8A-469B100903C7}.Release|Any CPU.ActiveCfg = Release|Any CPU
		{A68D44D4-AFCB-4EB1-8B8A-469B100903C7}.Release|Any CPU.Build.0 = Release|Any CPU
		{A68D44D4-AFCB-4EB1-8B8A-469B100903C7}.Release|x64.ActiveCfg = Release|Any CPU
		{A68D44D4-AFCB-4EB1-8B8A-469B100903C7}.Release|x64.Build.0 = Release|Any CPU
		{A68D44D4-AFCB-4EB1-8B8A-469B100903C7}.Release|x86.ActiveCfg = Release|Any CPU
		{A68D44D4-AFCB-4EB1-8B8A-469B100903C7}.Release|x86.Build.0 = Release|Any CPU
		{D4CE2559-C2FB-4361-80B0-1B172E5C8681}.Debug|Any CPU.ActiveCfg = Debug|Any CPU
		{D4CE2559-C2FB-4361-80B0-1B172E5C8681}.Debug|Any CPU.Build.0 = Debug|Any CPU
		{D4CE2559-C2FB-4361-80B0-1B172E5C8681}.Debug|x64.ActiveCfg = Debug|Any CPU
		{D4CE2559-C2FB-4361-80B0-1B172E5C8681}.Debug|x64.Build.0 = Debug|Any CPU
		{D4CE2559-C2FB-4361-80B0-1B172E5C8681}.Debug|x86.ActiveCfg = Debug|Any CPU
		{D4CE2559-C2FB-4361-80B0-1B172E5C8681}.Debug|x86.Build.0 = Debug|Any CPU
		{D4CE2559-C2FB-4361-80B0-1B172E5C8681}.Release|Any CPU.ActiveCfg = Release|Any CPU
		{D4CE2559-C2FB-4361-80B0-1B172E5C8681}.Release|Any CPU.Build.0 = Release|Any CPU
		{D4CE2559-C2FB-4361-80B0-1B172E5C8681}.Release|x64.ActiveCfg = Release|Any CPU
		{D4CE2559-C2FB-4361-80B0-1B172E5C8681}.Release|x64.Build.0 = Release|Any CPU
		{D4CE2559-C2FB-4361-80B0-1B172E5C8681}.Release|x86.ActiveCfg = Release|Any CPU
		{D4CE2559-C2FB-4361-80B0-1B172E5C8681}.Release|x86.Build.0 = Release|Any CPU
		{E164FA3A-173E-49E6-B5B0-48E60F837DC9}.Debug|Any CPU.ActiveCfg = Debug|Any CPU
		{E164FA3A-173E-49E6-B5B0-48E60F837DC9}.Debug|Any CPU.Build.0 = Debug|Any CPU
		{E164FA3A-173E-49E6-B5B0-48E60F837DC9}.Debug|x64.ActiveCfg = Debug|Any CPU
		{E164FA3A-173E-49E6-B5B0-48E60F837DC9}.Debug|x64.Build.0 = Debug|Any CPU
		{E164FA3A-173E-49E6-B5B0-48E60F837DC9}.Debug|x86.ActiveCfg = Debug|Any CPU
		{E164FA3A-173E-49E6-B5B0-48E60F837DC9}.Debug|x86.Build.0 = Debug|Any CPU
		{E164FA3A-173E-49E6-B5B0-48E60F837DC9}.Release|Any CPU.ActiveCfg = Release|Any CPU
		{E164FA3A-173E-49E6-B5B0-48E60F837DC9}.Release|Any CPU.Build.0 = Release|Any CPU
		{E164FA3A-173E-49E6-B5B0-48E60F837DC9}.Release|x64.ActiveCfg = Release|Any CPU
		{E164FA3A-173E-49E6-B5B0-48E60F837DC9}.Release|x64.Build.0 = Release|Any CPU
		{E164FA3A-173E-49E6-B5B0-48E60F837DC9}.Release|x86.ActiveCfg = Release|Any CPU
		{E164FA3A-173E-49E6-B5B0-48E60F837DC9}.Release|x86.Build.0 = Release|Any CPU
	EndGlobalSection
	GlobalSection(NestedProjects) = preSolution
		{DD78020E-91DE-45C8-BD28-9ABDFE87FD8C} = {9831874E-521A-4F55-8DC1-1079CD6BBB79}
		{3B5D7939-F511-4784-B03A-24623264581E} = {9831874E-521A-4F55-8DC1-1079CD6BBB79}
		{A9A873F8-24A8-442E-821F-0025994EA324} = {9831874E-521A-4F55-8DC1-1079CD6BBB79}
		{5AD6BF3D-05D9-4C59-9F64-1B2C78DFF7F6} = {9831874E-521A-4F55-8DC1-1079CD6BBB79}
		{BD856A3F-4826-4FE1-9514-43D5DBB57AC6} = {9831874E-521A-4F55-8DC1-1079CD6BBB79}
		{A68D44D4-AFCB-4EB1-8B8A-469B100903C7} = {194A709F-1C40-4543-AE25-529D6CE6706E}
		{D4CE2559-C2FB-4361-80B0-1B172E5C8681} = {194A709F-1C40-4543-AE25-529D6CE6706E}
		{E164FA3A-173E-49E6-B5B0-48E60F837DC9} = {194A709F-1C40-4543-AE25-529D6CE6706E}
	EndGlobalSection
EndGlobal
